
Microsoft Visual Studio Solution File, Format Version 12.00
# Visual Studio Version 17
VisualStudioVersion = 17.0.31903.59
MinimumVisualStudioVersion = 10.0.40219.1
Project("{2150E333-8FDC-42A3-9474-1A3956D46DE8}") = "CSharp_Spec_driven_Cmdline", "CSharp_Spec_driven_Cmdline", "{67A9D607-8C4F-CB81-F7D1-E84563D57D3E}"
EndProject
Project("{FAE04EC0-301F-11D3-BF4B-00C04F79EFBC}") = "CSharp_TextFinder_Cmdline", "CSharp_Spec_driven_Cmdline\CSharp_TextFinder_Cmdline.csproj", "{F636DDE5-9FC4-45FF-BE65-95EE51628AA5}"
EndProject
Project("{2150E333-8FDC-42A3-9474-1A3956D46DE8}") = "CSharp_Spec_driven_Dirnav", "CSharp_Spec_driven_Dirnav", "{C0CC33AC-44A8-4786-6573-4A942E02D35F}"
EndProject
Project("{FAE04EC0-301F-11D3-BF4B-00C04F79EFBC}") = "CSharp_TextFinder_Dirnav", "CSharp_Spec_driven_Dirnav\CSharp_TextFinder_Dirnav.csproj", "{ED092DC3-518D-4CBF-A1BC-222EF644DA71}"
EndProject
Project("{2150E333-8FDC-42A3-9474-1A3956D46DE8}") = "CSharp_Spec_driven_Output", "CSharp_Spec_driven_Output", "{932EA887-821B-659C-ADEB-D1F1412065EE}"
EndProject
Project("{FAE04EC0-301F-11D3-BF4B-00C04F79EFBC}") = "CSharp_TextFinder_Output", "CSharp_Spec_driven_Output\CSharp_TextFinder_Output.csproj", "{AD870BAA-1285-405A-B658-885A69FDF32B}"
EndProject
Project("{2150E333-8FDC-42A3-9474-1A3956D46DE8}") = "CSharp_Spec_driven_TextFinder_Entry", "CSharp_Spec_driven_TextFinder_Entry", "{A5714A24-B5CC-2187-2C44-44C02D6BCA7C}"
EndProject
Project("{FAE04EC0-301F-11D3-BF4B-00C04F79EFBC}") = "CSharp_TextFinder_Entry", "CSharp_Spec_driven_TextFinder_Entry\CSharp_TextFinder_Entry.csproj", "{047EB6B1-1B41-4787-A502-3065EBB9D2AB}"
EndProject
Project("{2150E333-8FDC-42A3-9474-1A3956D46DE8}") = "test", "test", "{7BE09606-79BF-8BA8-9FC7-529BFC2EA522}"
EndProject
Project("{FAE04EC0-301F-11D3-BF4B-00C04F79EFBC}") = "CSharp_TextFinder_Cmdline_UnitTest", "CSharp_Spec_driven_Cmdline\test\CSharp_TextFinder_Cmdline_UnitTest.csproj", "{1800ACD0-A57B-48C6-9FE8-D32ADCFBF55C}"
EndProject
Project("{2150E333-8FDC-42A3-9474-1A3956D46DE8}") = "test", "test", "{B1F6A8EC-42B9-E298-F18B-C7DF7005A4DE}"
EndProject
Project("{FAE04EC0-301F-11D3-BF4B-00C04F79EFBC}") = "CSharp_TextFinder_Dirnav_UnitTest", "CSharp_Spec_driven_Dirnav\test\CSharp_TextFinder_Dirnav_UnitTest.csproj", "{89BAA559-2503-49B0-97FD-470DCD85A4EA}"
EndProject
Project("{2150E333-8FDC-42A3-9474-1A3956D46DE8}") = "test", "test", "{A69364B7-FCE4-057A-A2C8-9441F1536A3C}"
EndProject
Project("{FAE04EC0-301F-11D3-BF4B-00C04F79EFBC}") = "CSharp_TextFinder_Output_UnitTest", "CSharp_Spec_driven_Output\test\CSharp_TextFinder_Output_UnitTest.csproj", "{55AC30B0-9241-4D06-97B4-0E4B80CB1A5A}"
EndProject
Project("{2150E333-8FDC-42A3-9474-1A3956D46DE8}") = "test", "test", "{0C88DD14-F956-CE84-757C-A364CCF449FC}"
EndProject
Project("{FAE04EC0-301F-11D3-BF4B-00C04F79EFBC}") = "CSharp_TextFinder_IntegrationTest", "test\CSharp_TextFinder_IntegrationTest.csproj", "{2E68C5A4-89BD-461E-839C-C175E7F3B03A}"
EndProject
Project("{2150E333-8FDC-42A3-9474-1A3956D46DE8}") = "demo", "demo", "{A39C23D2-F2C0-258D-165A-CF1E7FEE6E7B}"
EndProject
Project("{FAE04EC0-301F-11D3-BF4B-00C04F79EFBC}") = "CSharp_TextFinder_Demo", "demo\CSharp_TextFinder_Demo.csproj", "{6385F3D7-3CF1-440A-B273-DA712A536596}"
EndProject
Global
	GlobalSection(SolutionConfigurationPlatforms) = preSolution
		Debug|Any CPU = Debug|Any CPU
		Debug|x64 = Debug|x64
		Debug|x86 = Debug|x86
		Release|Any CPU = Release|Any CPU
		Release|x64 = Release|x64
		Release|x86 = Release|x86
	EndGlobalSection
	GlobalSection(ProjectConfigurationPlatforms) = postSolution
		{F636DDE5-9FC4-45FF-BE65-95EE51628AA5}.Debug|Any CPU.ActiveCfg = Debug|Any CPU
		{F636DDE5-9FC4-45FF-BE65-95EE51628AA5}.Debug|Any CPU.Build.0 = Debug|Any CPU
		{F636DDE5-9FC4-45FF-BE65-95EE51628AA5}.Debug|x64.ActiveCfg = Debug|Any CPU
		{F636DDE5-9FC4-45FF-BE65-95EE51628AA5}.Debug|x64.Build.0 = Debug|Any CPU
		{F636DDE5-9FC4-45FF-BE65-95EE51628AA5}.Debug|x86.ActiveCfg = Debug|Any CPU
		{F636DDE5-9FC4-45FF-BE65-95EE51628AA5}.Debug|x86.Build.0 = Debug|Any CPU
		{F636DDE5-9FC4-45FF-BE65-95EE51628AA5}.Release|Any CPU.ActiveCfg = Release|Any CPU
		{F636DDE5-9FC4-45FF-BE65-95EE51628AA5}.Release|Any CPU.Build.0 = Release|Any CPU
		{F636DDE5-9FC4-45FF-BE65-95EE51628AA5}.Release|x64.ActiveCfg = Release|Any CPU
		{F636DDE5-9FC4-45FF-BE65-95EE51628AA5}.Release|x64.Build.0 = Release|Any CPU
		{F636DDE5-9FC4-45FF-BE65-95EE51628AA5}.Release|x86.ActiveCfg = Release|Any CPU
		{F636DDE5-9FC4-45FF-BE65-95EE51628AA5}.Release|x86.Build.0 = Release|Any CPU
		{ED092DC3-518D-4CBF-A1BC-222EF644DA71}.Debug|Any CPU.ActiveCfg = Debug|Any CPU
		{ED092DC3-518D-4CBF-A1BC-222EF644DA71}.Debug|Any CPU.Build.0 = Debug|Any CPU
		{ED092DC3-518D-4CBF-A1BC-222EF644DA71}.Debug|x64.ActiveCfg = Debug|Any CPU
		{ED092DC3-518D-4CBF-A1BC-222EF644DA71}.Debug|x64.Build.0 = Debug|Any CPU
		{ED092DC3-518D-4CBF-A1BC-222EF644DA71}.Debug|x86.ActiveCfg = Debug|Any CPU
		{ED092DC3-518D-4CBF-A1BC-222EF644DA71}.Debug|x86.Build.0 = Debug|Any CPU
		{ED092DC3-518D-4CBF-A1BC-222EF644DA71}.Release|Any CPU.ActiveCfg = Release|Any CPU
		{ED092DC3-518D-4CBF-A1BC-222EF644DA71}.Release|Any CPU.Build.0 = Release|Any CPU
		{ED092DC3-518D-4CBF-A1BC-222EF644DA71}.Release|x64.ActiveCfg = Release|Any CPU
		{ED092DC3-518D-4CBF-A1BC-222EF644DA71}.Release|x64.Build.0 = Release|Any CPU
		{ED092DC3-518D-4CBF-A1BC-222EF644DA71}.Release|x86.ActiveCfg = Release|Any CPU
		{ED092DC3-518D-4CBF-A1BC-222EF644DA71}.Release|x86.Build.0 = Release|Any CPU
		{AD870BAA-1285-405A-B658-885A69FDF32B}.Debug|Any CPU.ActiveCfg = Debug|Any CPU
		{AD870BAA-1285-405A-B658-885A69FDF32B}.Debug|Any CPU.Build.0 = Debug|Any CPU
		{AD870BAA-1285-405A-B658-885A69FDF32B}.Debug|x64.ActiveCfg = Debug|Any CPU
		{AD870BAA-1285-405A-B658-885A69FDF32B}.Debug|x64.Build.0 = Debug|Any CPU
		{AD870BAA-1285-405A-B658-885A69FDF32B}.Debug|x86.ActiveCfg = Debug|Any CPU
		{AD870BAA-1285-405A-B658-885A69FDF32B}.Debug|x86.Build.0 = Debug|Any CPU
		{AD870BAA-1285-405A-B658-885A69FDF32B}.Release|Any CPU.ActiveCfg = Release|Any CPU
		{AD870BAA-1285-405A-B658-885A69FDF32B}.Release|Any CPU.Build.0 = Release|Any CPU
		{AD870BAA-1285-405A-B658-885A69FDF32B}.Release|x64.ActiveCfg = Release|Any CPU
		{AD870BAA-1285-405A-B658-885A69FDF32B}.Release|x64.Build.0 = Release|Any CPU
		{AD870BAA-1285-405A-B658-885A69FDF32B}.Release|x86.ActiveCfg = Release|Any CPU
		{AD870BAA-1285-405A-B658-885A69FDF32B}.Release|x86.Build.0 = Release|Any CPU
		{047EB6B1-1B41-4787-A502-3065EBB9D2AB}.Debug|Any CPU.ActiveCfg = Debug|Any CPU
		{047EB6B1-1B41-4787-A502-3065EBB9D2AB}.Debug|Any CPU.Build.0 = Debug|Any CPU
		{047EB6B1-1B41-4787-A502-3065EBB9D2AB}.Debug|x64.ActiveCfg = Debug|Any CPU
		{047EB6B1-1B41-4787-A502-3065EBB9D2AB}.Debug|x64.Build.0 = Debug|Any CPU
		{047EB6B1-1B41-4787-A502-3065EBB9D2AB}.Debug|x86.ActiveCfg = Debug|Any CPU
		{047EB6B1-1B41-4787-A502-3065EBB9D2AB}.Debug|x86.Build.0 = Debug|Any CPU
		{047EB6B1-1B41-4787-A502-3065EBB9D2AB}.Release|Any CPU.ActiveCfg = Release|Any CPU
		{047EB6B1-1B41-4787-A502-3065EBB9D2AB}.Release|Any CPU.Build.0 = Release|Any CPU
		{047EB6B1-1B41-4787-A502-3065EBB9D2AB}.Release|x64.ActiveCfg = Release|Any CPU
		{047EB6B1-1B41-4787-A502-3065EBB9D2AB}.Release|x64.Build.0 = Release|Any CPU
		{047EB6B1-1B41-4787-A502-3065EBB9D2AB}.Release|x86.ActiveCfg = Release|Any CPU
		{047EB6B1-1B41-4787-A502-3065EBB9D2AB}.Release|x86.Build.0 = Release|Any CPU
		{1800ACD0-A57B-48C6-9FE8-D32ADCFBF55C}.Debug|Any CPU.ActiveCfg = Debug|Any CPU
		{1800ACD0-A57B-48C6-9FE8-D32ADCFBF55C}.Debug|Any CPU.Build.0 = Debug|Any CPU
		{1800ACD0-A57B-48C6-9FE8-D32ADCFBF55C}.Debug|x64.ActiveCfg = Debug|Any CPU
		{1800ACD0-A57B-48C6-9FE8-D32ADCFBF55C}.Debug|x64.Build.0 = Debug|Any CPU
		{1800ACD0-A57B-48C6-9FE8-D32ADCFBF55C}.Debug|x86.ActiveCfg = Debug|Any CPU
		{1800ACD0-A57B-48C6-9FE8-D32ADCFBF55C}.Debug|x86.Build.0 = Debug|Any CPU
		{1800ACD0-A57B-48C6-9FE8-D32ADCFBF55C}.Release|Any CPU.ActiveCfg = Release|Any CPU
		{1800ACD0-A57B-48C6-9FE8-D32ADCFBF55C}.Release|Any CPU.Build.0 = Release|Any CPU
		{1800ACD0-A57B-48C6-9FE8-D32ADCFBF55C}.Release|x64.ActiveCfg = Release|Any CPU
		{1800ACD0-A57B-48C6-9FE8-D32ADCFBF55C}.Release|x64.Build.0 = Release|Any CPU
		{1800ACD0-A57B-48C6-9FE8-D32ADCFBF55C}.Release|x86.ActiveCfg = Release|Any CPU
		{1800ACD0-A57B-48C6-9FE8-D32ADCFBF55C}.Release|x86.Build.0 = Release|Any CPU
		{89BAA559-2503-49B0-97FD-470DCD85A4EA}.Debug|Any CPU.ActiveCfg = Debug|Any CPU
		{89BAA559-2503-49B0-97FD-470DCD85A4EA}.Debug|Any CPU.Build.0 = Debug|Any CPU
		{89BAA559-2503-49B0-97FD-470DCD85A4EA}.Debug|x64.ActiveCfg = Debug|Any CPU
		{89BAA559-2503-49B0-97FD-470DCD85A4EA}.Debug|x64.Build.0 = Debug|Any CPU
		{89BAA559-2503-49B0-97FD-470DCD85A4EA}.Debug|x86.ActiveCfg = Debug|Any CPU
		{89BAA559-2503-49B0-97FD-470DCD85A4EA}.Debug|x86.Build.0 = Debug|Any CPU
		{89BAA559-2503-49B0-97FD-470DCD85A4EA}.Release|Any CPU.ActiveCfg = Release|Any CPU
		{89BAA559-2503-49B0-97FD-470DCD85A4EA}.Release|Any CPU.Build.0 = Release|Any CPU
		{89BAA559-2503-49B0-97FD-470DCD85A4EA}.Release|x64.ActiveCfg = Release|Any CPU
		{89BAA559-2503-49B0-97FD-470DCD85A4EA}.Release|x64.Build.0 = Release|Any CPU
		{89BAA559-2503-49B0-97FD-470DCD85A4EA}.Release|x86.ActiveCfg = Release|Any CPU
		{89BAA559-2503-49B0-97FD-470DCD85A4EA}.Release|x86.Build.0 = Release|Any CPU
		{55AC30B0-9241-4D06-97B4-0E4B80CB1A5A}.Debug|Any CPU.ActiveCfg = Debug|Any CPU
		{55AC30B0-9241-4D06-97B4-0E4B80CB1A5A}.Debug|Any CPU.Build.0 = Debug|Any CPU
		{55AC30B0-9241-4D06-97B4-0E4B80CB1A5A}.Debug|x64.ActiveCfg = Debug|Any CPU
		{55AC30B0-9241-4D06-97B4-0E4B80CB1A5A}.Debug|x64.Build.0 = Debug|Any CPU
		{55AC30B0-9241-4D06-97B4-0E4B80CB1A5A}.Debug|x86.ActiveCfg = Debug|Any CPU
		{55AC30B0-9241-4D06-97B4-0E4B80CB1A5A}.Debug|x86.Build.0 = Debug|Any CPU
		{55AC30B0-9241-4D06-97B4-0E4B80CB1A5A}.Release|Any CPU.ActiveCfg = Release|Any CPU
		{55AC30B0-9241-4D06-97B4-0E4B80CB1A5A}.Release|Any CPU.Build.0 = Release|Any CPU
		{55AC30B0-9241-4D06-97B4-0E4B80CB1A5A}.Release|x64.ActiveCfg = Release|Any CPU
		{55AC30B0-9241-4D06-97B4-0E4B80CB1A5A}.Release|x64.Build.0 = Release|Any CPU
		{55AC30B0-9241-4D06-97B4-0E4B80CB1A5A}.Release|x86.ActiveCfg = Release|Any CPU
		{55AC30B0-9241-4D06-97B4-0E4B80CB1A5A}.Release|x86.Build.0 = Release|Any CPU
		{2E68C5A4-89BD-461E-839C-C175E7F3B03A}.Debug|Any CPU.ActiveCfg = Debug|Any CPU
		{2E68C5A4-89BD-461E-839C-C175E7F3B03A}.Debug|Any CPU.Build.0 = Debug|Any CPU
		{2E68C5A4-89BD-461E-839C-C175E7F3B03A}.Debug|x64.ActiveCfg = Debug|Any CPU
		{2E68C5A4-89BD-461E-839C-C175E7F3B03A}.Debug|x64.Build.0 = Debug|Any CPU
		{2E68C5A4-89BD-461E-839C-C175E7F3B03A}.Debug|x86.ActiveCfg = Debug|Any CPU
		{2E68C5A4-89BD-461E-839C-C175E7F3B03A}.Debug|x86.Build.0 = Debug|Any CPU
		{2E68C5A4-89BD-461E-839C-C175E7F3B03A}.Release|Any CPU.ActiveCfg = Release|Any CPU
		{2E68C5A4-89BD-461E-839C-C175E7F3B03A}.Release|Any CPU.Build.0 = Release|Any CPU
		{2E68C5A4-89BD-461E-839C-C175E7F3B03A}.Release|x64.ActiveCfg = Release|Any CPU
		{2E68C5A4-89BD-461E-839C-C175E7F3B03A}.Release|x64.Build.0 = Release|Any CPU
		{2E68C5A4-89BD-461E-839C-C175E7F3B03A}.Release|x86.ActiveCfg = Release|Any CPU
		{2E68C5A4-89BD-461E-839C-C175E7F3B03A}.Release|x86.Build.0 = Release|Any CPU
		{6385F3D7-3CF1-440A-B273-DA712A536596}.Debug|Any CPU.ActiveCfg = Debug|Any CPU
		{6385F3D7-3CF1-440A-B273-DA712A536596}.Debug|Any CPU.Build.0 = Debug|Any CPU
		{6385F3D7-3CF1-440A-B273-DA712A536596}.Debug|x64.ActiveCfg = Debug|Any CPU
		{6385F3D7-3CF1-440A-B273-DA712A536596}.Debug|x64.Build.0 = Debug|Any CPU
		{6385F3D7-3CF1-440A-B273-DA712A536596}.Debug|x86.ActiveCfg = Debug|Any CPU
		{6385F3D7-3CF1-440A-B273-DA712A536596}.Debug|x86.Build.0 = Debug|Any CPU
		{6385F3D7-3CF1-440A-B273-DA712A536596}.Release|Any CPU.ActiveCfg = Release|Any CPU
		{6385F3D7-3CF1-440A-B273-DA712A536596}.Release|Any CPU.Build.0 = Release|Any CPU
		{6385F3D7-3CF1-440A-B273-DA712A536596}.Release|x64.ActiveCfg = Release|Any CPU
		{6385F3D7-3CF1-440A-B273-DA712A536596}.Release|x64.Build.0 = Release|Any CPU
		{6385F3D7-3CF1-440A-B273-DA712A536596}.Release|x86.ActiveCfg = Release|Any CPU
		{6385F3D7-3CF1-440A-B273-DA712A536596}.Release|x86.Build.0 = Release|Any CPU
	EndGlobalSection
	GlobalSection(SolutionProperties) = preSolution
		HideSolutionNode = FALSE
	EndGlobalSection
	GlobalSection(NestedProjects) = preSolution
		{F636DDE5-9FC4-45FF-BE65-95EE51628AA5} = {67A9D607-8C4F-CB81-F7D1-E84563D57D3E}
		{ED092DC3-518D-4CBF-A1BC-222EF644DA71} = {C0CC33AC-44A8-4786-6573-4A942E02D35F}
		{AD870BAA-1285-405A-B658-885A69FDF32B} = {932EA887-821B-659C-ADEB-D1F1412065EE}
		{047EB6B1-1B41-4787-A502-3065EBB9D2AB} = {A5714A24-B5CC-2187-2C44-44C02D6BCA7C}
		{7BE09606-79BF-8BA8-9FC7-529BFC2EA522} = {67A9D607-8C4F-CB81-F7D1-E84563D57D3E}
		{1800ACD0-A57B-48C6-9FE8-D32ADCFBF55C} = {7BE09606-79BF-8BA8-9FC7-529BFC2EA522}
		{B1F6A8EC-42B9-E298-F18B-C7DF7005A4DE} = {C0CC33AC-44A8-4786-6573-4A942E02D35F}
		{89BAA559-2503-49B0-97FD-470DCD85A4EA} = {B1F6A8EC-42B9-E298-F18B-C7DF7005A4DE}
		{A69364B7-FCE4-057A-A2C8-9441F1536A3C} = {932EA887-821B-659C-ADEB-D1F1412065EE}
		{55AC30B0-9241-4D06-97B4-0E4B80CB1A5A} = {A69364B7-FCE4-057A-A2C8-9441F1536A3C}
		{2E68C5A4-89BD-461E-839C-C175E7F3B03A} = {0C88DD14-F956-CE84-757C-A364CCF449FC}
		{6385F3D7-3CF1-440A-B273-DA712A536596} = {A39C23D2-F2C0-258D-165A-CF1E7FEE6E7B}
	EndGlobalSection
EndGlobal
