Microsoft Visual Studio Solution File, Format Version 12.00
# Visual Studio Version 17
VisualStudioVersion = 17.5.2.0
MinimumVisualStudioVersion = 10.0.40219.1
Project("{2150E333-8FDC-42A3-9474-1A3956D46DE8}") = "Code", "Code", "{314C6247-30EA-3492-19B6-DF847E3B326F}"
EndProject
Project("{2150E333-8FDC-42A3-9474-1A3956D46DE8}") = "C#", "C#", "{3BA30A43-0E4D-B7D0-CEA4-0BA3E960C36E}"
EndProject
Project("{FAE04EC0-301F-11D3-BF4B-00C04F79EFBC}") = "Hello2", "Code\C#\Hello\Hello2.csproj", "{387672D0-BC1C-4188-F42C-D4EB4566D708}"
EndProject
Global
	GlobalSection(SolutionConfigurationPlatforms) = preSolution
		Debug|Any CPU = Debug|Any CPU
		Release|Any CPU = Release|Any CPU
	EndGlobalSection
	GlobalSection(ProjectConfigurationPlatforms) = postSolution
		{387672D0-BC1C-4188-F42C-D4EB4566D708}.Debug|Any CPU.ActiveCfg = Debug|Any CPU
		{387672D0-BC1C-4188-F42C-D4EB4566D708}.Debug|Any CPU.Build.0 = Debug|Any CPU
		{387672D0-BC1C-4188-F42C-D4EB4566D708}.Release|Any CPU.ActiveCfg = Release|Any CPU
		{387672D0-BC1C-4188-F42C-D4EB4566D708}.Release|Any CPU.Build.0 = Release|Any CPU
	EndGlobalSection
	GlobalSection(SolutionProperties) = preSolution
		HideSolutionNode = FALSE
	EndGlobalSection
	GlobalSection(NestedProjects) = preSolution
		{3BA30A43-0E4D-B7D0-CEA4-0BA3E960C36E} = {314C6247-30EA-3492-19B6-DF847E3B326F}
		{387672D0-BC1C-4188-F42C-D4EB4566D708} = {3BA30A43-0E4D-B7D0-CEA4-0BA3E960C36E}
	EndGlobalSection
	GlobalSection(ExtensibilityGlobals) = postSolution
		SolutionGuid = {A1B68D17-9268-4187-A915-193CD3035684}
	EndGlobalSection
EndGlobal
