
Microsoft Visual Studio Solution File, Format Version 12.00
# Visual Studio Version 17
VisualStudioVersion = 17.0.31903.59
MinimumVisualStudioVersion = 10.0.40219.1
Project("{FAE04EC0-301F-11D3-BF4B-00C04F79EFBC}") = "Tokenizer", "Tokenizer\Tokenizer.csproj", "{917A156D-E724-46D1-9AE9-D3F4E1337E0C}"
EndProject
Project("{FAE04EC0-301F-11D3-BF4B-00C04F79EFBC}") = "Lexer", "Lexer\Lexer.csproj", "{99BBD4DC-7553-4CF0-B212-A6F08A241071}"
EndProject
Project("{FAE04EC0-301F-11D3-BF4B-00C04F79EFBC}") = "Validator", "Validator\Validator.csproj", "{81FDAD99-6BBA-47B8-925E-BFB3DD5D81D3}"
EndProject
Project("{FAE04EC0-301F-11D3-BF4B-00C04F79EFBC}") = "EntryPoint", "EntryPoint\EntryPoint.csproj", "{88A7EB2A-E22D-4CF9-BE45-45F6C4AFF9E8}"
EndProject
Project("{FAE04EC0-301F-11D3-BF4B-00C04F79EFBC}") = "Tokenizer.Tests", "Tokenizer.Tests\Tokenizer.Tests.csproj", "{14EE7E44-7373-46A7-88F2-464CA24A0C33}"
EndProject
Project("{FAE04EC0-301F-11D3-BF4B-00C04F79EFBC}") = "Lexer.Tests", "Lexer.Tests\Lexer.Tests.csproj", "{1C7DE88F-DC36-4624-96C6-C153AF181A35}"
EndProject
Project("{FAE04EC0-301F-11D3-BF4B-00C04F79EFBC}") = "Validator.Tests", "Validator.Tests\Validator.Tests.csproj", "{E62FC9B6-C0A4-4DE8-9C4B-4E8C4E742B16}"
EndProject
Global
	GlobalSection(SolutionConfigurationPlatforms) = preSolution
		Debug|Any CPU = Debug|Any CPU
		Debug|x64 = Debug|x64
		Debug|x86 = Debug|x86
		Release|Any CPU = Release|Any CPU
		Release|x64 = Release|x64
		Release|x86 = Release|x86
	EndGlobalSection
	GlobalSection(ProjectConfigurationPlatforms) = postSolution
		{917A156D-E724-46D1-9AE9-D3F4E1337E0C}.Debug|Any CPU.ActiveCfg = Debug|Any CPU
		{917A156D-E724-46D1-9AE9-D3F4E1337E0C}.Debug|Any CPU.Build.0 = Debug|Any CPU
		{917A156D-E724-46D1-9AE9-D3F4E1337E0C}.Debug|x64.ActiveCfg = Debug|Any CPU
		{917A156D-E724-46D1-9AE9-D3F4E1337E0C}.Debug|x64.Build.0 = Debug|Any CPU
		{917A156D-E724-46D1-9AE9-D3F4E1337E0C}.Debug|x86.ActiveCfg = Debug|Any CPU
		{917A156D-E724-46D1-9AE9-D3F4E1337E0C}.Debug|x86.Build.0 = Debug|Any CPU
		{917A156D-E724-46D1-9AE9-D3F4E1337E0C}.Release|Any CPU.ActiveCfg = Release|Any CPU
		{917A156D-E724-46D1-9AE9-D3F4E1337E0C}.Release|Any CPU.Build.0 = Release|Any CPU
		{917A156D-E724-46D1-9AE9-D3F4E1337E0C}.Release|x64.ActiveCfg = Release|Any CPU
		{917A156D-E724-46D1-9AE9-D3F4E1337E0C}.Release|x64.Build.0 = Release|Any CPU
		{917A156D-E724-46D1-9AE9-D3F4E1337E0C}.Release|x86.ActiveCfg = Release|Any CPU
		{917A156D-E724-46D1-9AE9-D3F4E1337E0C}.Release|x86.Build.0 = Release|Any CPU
		{99BBD4DC-7553-4CF0-B212-A6F08A241071}.Debug|Any CPU.ActiveCfg = Debug|Any CPU
		{99BBD4DC-7553-4CF0-B212-A6F08A241071}.Debug|Any CPU.Build.0 = Debug|Any CPU
		{99BBD4DC-7553-4CF0-B212-A6F08A241071}.Debug|x64.ActiveCfg = Debug|Any CPU
		{99BBD4DC-7553-4CF0-B212-A6F08A241071}.Debug|x64.Build.0 = Debug|Any CPU
		{99BBD4DC-7553-4CF0-B212-A6F08A241071}.Debug|x86.ActiveCfg = Debug|Any CPU
		{99BBD4DC-7553-4CF0-B212-A6F08A241071}.Debug|x86.Build.0 = Debug|Any CPU
		{99BBD4DC-7553-4CF0-B212-A6F08A241071}.Release|Any CPU.ActiveCfg = Release|Any CPU
		{99BBD4DC-7553-4CF0-B212-A6F08A241071}.Release|Any CPU.Build.0 = Release|Any CPU
		{99BBD4DC-7553-4CF0-B212-A6F08A241071}.Release|x64.ActiveCfg = Release|Any CPU
		{99BBD4DC-7553-4CF0-B212-A6F08A241071}.Release|x64.Build.0 = Release|Any CPU
		{99BBD4DC-7553-4CF0-B212-A6F08A241071}.Release|x86.ActiveCfg = Release|Any CPU
		{99BBD4DC-7553-4CF0-B212-A6F08A241071}.Release|x86.Build.0 = Release|Any CPU
		{81FDAD99-6BBA-47B8-925E-BFB3DD5D81D3}.Debug|Any CPU.ActiveCfg = Debug|Any CPU
		{81FDAD99-6BBA-47B8-925E-BFB3DD5D81D3}.Debug|Any CPU.Build.0 = Debug|Any CPU
		{81FDAD99-6BBA-47B8-925E-BFB3DD5D81D3}.Debug|x64.ActiveCfg = Debug|Any CPU
		{81FDAD99-6BBA-47B8-925E-BFB3DD5D81D3}.Debug|x64.Build.0 = Debug|Any CPU
		{81FDAD99-6BBA-47B8-925E-BFB3DD5D81D3}.Debug|x86.ActiveCfg = Debug|Any CPU
		{81FDAD99-6BBA-47B8-925E-BFB3DD5D81D3}.Debug|x86.Build.0 = Debug|Any CPU
		{81FDAD99-6BBA-47B8-925E-BFB3DD5D81D3}.Release|Any CPU.ActiveCfg = Release|Any CPU
		{81FDAD99-6BBA-47B8-925E-BFB3DD5D81D3}.Release|Any CPU.Build.0 = Release|Any CPU
		{81FDAD99-6BBA-47B8-925E-BFB3DD5D81D3}.Release|x64.ActiveCfg = Release|Any CPU
		{81FDAD99-6BBA-47B8-925E-BFB3DD5D81D3}.Release|x64.Build.0 = Release|Any CPU
		{81FDAD99-6BBA-47B8-925E-BFB3DD5D81D3}.Release|x86.ActiveCfg = Release|Any CPU
		{81FDAD99-6BBA-47B8-925E-BFB3DD5D81D3}.Release|x86.Build.0 = Release|Any CPU
		{88A7EB2A-E22D-4CF9-BE45-45F6C4AFF9E8}.Debug|Any CPU.ActiveCfg = Debug|Any CPU
		{88A7EB2A-E22D-4CF9-BE45-45F6C4AFF9E8}.Debug|Any CPU.Build.0 = Debug|Any CPU
		{88A7EB2A-E22D-4CF9-BE45-45F6C4AFF9E8}.Debug|x64.ActiveCfg = Debug|Any CPU
		{88A7EB2A-E22D-4CF9-BE45-45F6C4AFF9E8}.Debug|x64.Build.0 = Debug|Any CPU
		{88A7EB2A-E22D-4CF9-BE45-45F6C4AFF9E8}.Debug|x86.ActiveCfg = Debug|Any CPU
		{88A7EB2A-E22D-4CF9-BE45-45F6C4AFF9E8}.Debug|x86.Build.0 = Debug|Any CPU
		{88A7EB2A-E22D-4CF9-BE45-45F6C4AFF9E8}.Release|Any CPU.ActiveCfg = Release|Any CPU
		{88A7EB2A-E22D-4CF9-BE45-45F6C4AFF9E8}.Release|Any CPU.Build.0 = Release|Any CPU
		{88A7EB2A-E22D-4CF9-BE45-45F6C4AFF9E8}.Release|x64.ActiveCfg = Release|Any CPU
		{88A7EB2A-E22D-4CF9-BE45-45F6C4AFF9E8}.Release|x64.Build.0 = Release|Any CPU
		{88A7EB2A-E22D-4CF9-BE45-45F6C4AFF9E8}.Release|x86.ActiveCfg = Release|Any CPU
		{88A7EB2A-E22D-4CF9-BE45-45F6C4AFF9E8}.Release|x86.Build.0 = Release|Any CPU
		{14EE7E44-7373-46A7-88F2-464CA24A0C33}.Debug|Any CPU.ActiveCfg = Debug|Any CPU
		{14EE7E44-7373-46A7-88F2-464CA24A0C33}.Debug|Any CPU.Build.0 = Debug|Any CPU
		{14EE7E44-7373-46A7-88F2-464CA24A0C33}.Debug|x64.ActiveCfg = Debug|Any CPU
		{14EE7E44-7373-46A7-88F2-464CA24A0C33}.Debug|x64.Build.0 = Debug|Any CPU
		{14EE7E44-7373-46A7-88F2-464CA24A0C33}.Debug|x86.ActiveCfg = Debug|Any CPU
		{14EE7E44-7373-46A7-88F2-464CA24A0C33}.Debug|x86.Build.0 = Debug|Any CPU
		{14EE7E44-7373-46A7-88F2-464CA24A0C33}.Release|Any CPU.ActiveCfg = Release|Any CPU
		{14EE7E44-7373-46A7-88F2-464CA24A0C33}.Release|Any CPU.Build.0 = Release|Any CPU
		{14EE7E44-7373-46A7-88F2-464CA24A0C33}.Release|x64.ActiveCfg = Release|Any CPU
		{14EE7E44-7373-46A7-88F2-464CA24A0C33}.Release|x64.Build.0 = Release|Any CPU
		{14EE7E44-7373-46A7-88F2-464CA24A0C33}.Release|x86.ActiveCfg = Release|Any CPU
		{14EE7E44-7373-46A7-88F2-464CA24A0C33}.Release|x86.Build.0 = Release|Any CPU
		{1C7DE88F-DC36-4624-96C6-C153AF181A35}.Debug|Any CPU.ActiveCfg = Debug|Any CPU
		{1C7DE88F-DC36-4624-96C6-C153AF181A35}.Debug|Any CPU.Build.0 = Debug|Any CPU
		{1C7DE88F-DC36-4624-96C6-C153AF181A35}.Debug|x64.ActiveCfg = Debug|Any CPU
		{1C7DE88F-DC36-4624-96C6-C153AF181A35}.Debug|x64.Build.0 = Debug|Any CPU
		{1C7DE88F-DC36-4624-96C6-C153AF181A35}.Debug|x86.ActiveCfg = Debug|Any CPU
		{1C7DE88F-DC36-4624-96C6-C153AF181A35}.Debug|x86.Build.0 = Debug|Any CPU
		{1C7DE88F-DC36-4624-96C6-C153AF181A35}.Release|Any CPU.ActiveCfg = Release|Any CPU
		{1C7DE88F-DC36-4624-96C6-C153AF181A35}.Release|Any CPU.Build.0 = Release|Any CPU
		{1C7DE88F-DC36-4624-96C6-C153AF181A35}.Release|x64.ActiveCfg = Release|Any CPU
		{1C7DE88F-DC36-4624-96C6-C153AF181A35}.Release|x64.Build.0 = Release|Any CPU
		{1C7DE88F-DC36-4624-96C6-C153AF181A35}.Release|x86.ActiveCfg = Release|Any CPU
		{1C7DE88F-DC36-4624-96C6-C153AF181A35}.Release|x86.Build.0 = Release|Any CPU
		{E62FC9B6-C0A4-4DE8-9C4B-4E8C4E742B16}.Debug|Any CPU.ActiveCfg = Debug|Any CPU
		{E62FC9B6-C0A4-4DE8-9C4B-4E8C4E742B16}.Debug|Any CPU.Build.0 = Debug|Any CPU
		{E62FC9B6-C0A4-4DE8-9C4B-4E8C4E742B16}.Debug|x64.ActiveCfg = Debug|Any CPU
		{E62FC9B6-C0A4-4DE8-9C4B-4E8C4E742B16}.Debug|x64.Build.0 = Debug|Any CPU
		{E62FC9B6-C0A4-4DE8-9C4B-4E8C4E742B16}.Debug|x86.ActiveCfg = Debug|Any CPU
		{E62FC9B6-C0A4-4DE8-9C4B-4E8C4E742B16}.Debug|x86.Build.0 = Debug|Any CPU
		{E62FC9B6-C0A4-4DE8-9C4B-4E8C4E742B16}.Release|Any CPU.ActiveCfg = Release|Any CPU
		{E62FC9B6-C0A4-4DE8-9C4B-4E8C4E742B16}.Release|Any CPU.Build.0 = Release|Any CPU
		{E62FC9B6-C0A4-4DE8-9C4B-4E8C4E742B16}.Release|x64.ActiveCfg = Release|Any CPU
		{E62FC9B6-C0A4-4DE8-9C4B-4E8C4E742B16}.Release|x64.Build.0 = Release|Any CPU
		{E62FC9B6-C0A4-4DE8-9C4B-4E8C4E742B16}.Release|x86.ActiveCfg = Release|Any CPU
		{E62FC9B6-C0A4-4DE8-9C4B-4E8C4E742B16}.Release|x86.Build.0 = Release|Any CPU
	EndGlobalSection
	GlobalSection(SolutionProperties) = preSolution
		HideSolutionNode = FALSE
	EndGlobalSection
EndGlobal
