# This file is automatically @generated by Cargo.
# It is not intended for manual editing.
version = 4

[[package]]
name = "compute"
version = "0.1.0"
dependencies = [
 "file_utils",
 "input",
]

[[package]]
name = "console_output"
version = "0.1.0"
dependencies = [
 "compute",
]

[[package]]
name = "executive"
version = "0.1.0"
dependencies = [
 "compute",
 "console_output",
 "file_output",
 "input",
]

[[package]]
name = "file_output"
version = "0.1.0"
dependencies = [
 "compute",
]

[[package]]
name = "file_utils"
version = "0.1.0"

[[package]]
name = "input"
version = "0.1.0"
dependencies = [
 "file_utils",
]
