
Microsoft Visual Studio Solution File, Format Version 12.00
# Visual Studio Version 17
VisualStudioVersion = 17.0.31903.59
MinimumVisualStudioVersion = 10.0.40219.1
Project("{FAE04EC0-301F-11D3-BF4B-00C04F79EFBC}") = "EntryPoint", "EntryPoint\EntryPoint.csproj", "{888CD1B0-C746-4507-9782-F4256F8504F6}"
EndProject
Project("{FAE04EC0-301F-11D3-BF4B-00C04F79EFBC}") = "CommandLine", "CommandLine\CommandLine.csproj", "{C6877223-AD03-4035-82EF-77072584E46C}"
EndProject
Project("{FAE04EC0-301F-11D3-BF4B-00C04F79EFBC}") = "DirNav", "DirNav\DirNav.csproj", "{B5729491-7A8F-44AC-84E9-E7A3ECA6763E}"
EndProject
Project("{FAE04EC0-301F-11D3-BF4B-00C04F79EFBC}") = "Output", "Output\Output.csproj", "{30819084-E8E2-492C-A0F1-CE82F9235D8A}"
EndProject
Global
	GlobalSection(SolutionConfigurationPlatforms) = preSolution
		Debug|Any CPU = Debug|Any CPU
		Debug|x64 = Debug|x64
		Debug|x86 = Debug|x86
		Release|Any CPU = Release|Any CPU
		Release|x64 = Release|x64
		Release|x86 = Release|x86
	EndGlobalSection
	GlobalSection(ProjectConfigurationPlatforms) = postSolution
		{888CD1B0-C746-4507-9782-F4256F8504F6}.Debug|Any CPU.ActiveCfg = Debug|Any CPU
		{888CD1B0-C746-4507-9782-F4256F8504F6}.Debug|Any CPU.Build.0 = Debug|Any CPU
		{888CD1B0-C746-4507-9782-F4256F8504F6}.Debug|x64.ActiveCfg = Debug|Any CPU
		{888CD1B0-C746-4507-9782-F4256F8504F6}.Debug|x64.Build.0 = Debug|Any CPU
		{888CD1B0-C746-4507-9782-F4256F8504F6}.Debug|x86.ActiveCfg = Debug|Any CPU
		{888CD1B0-C746-4507-9782-F4256F8504F6}.Debug|x86.Build.0 = Debug|Any CPU
		{888CD1B0-C746-4507-9782-F4256F8504F6}.Release|Any CPU.ActiveCfg = Release|Any CPU
		{888CD1B0-C746-4507-9782-F4256F8504F6}.Release|Any CPU.Build.0 = Release|Any CPU
		{888CD1B0-C746-4507-9782-F4256F8504F6}.Release|x64.ActiveCfg = Release|Any CPU
		{888CD1B0-C746-4507-9782-F4256F8504F6}.Release|x64.Build.0 = Release|Any CPU
		{888CD1B0-C746-4507-9782-F4256F8504F6}.Release|x86.ActiveCfg = Release|Any CPU
		{888CD1B0-C746-4507-9782-F4256F8504F6}.Release|x86.Build.0 = Release|Any CPU
		{C6877223-AD03-4035-82EF-77072584E46C}.Debug|Any CPU.ActiveCfg = Debug|Any CPU
		{C6877223-AD03-4035-82EF-77072584E46C}.Debug|Any CPU.Build.0 = Debug|Any CPU
		{C6877223-AD03-4035-82EF-77072584E46C}.Debug|x64.ActiveCfg = Debug|Any CPU
		{C6877223-AD03-4035-82EF-77072584E46C}.Debug|x64.Build.0 = Debug|Any CPU
		{C6877223-AD03-4035-82EF-77072584E46C}.Debug|x86.ActiveCfg = Debug|Any CPU
		{C6877223-AD03-4035-82EF-77072584E46C}.Debug|x86.Build.0 = Debug|Any CPU
		{C6877223-AD03-4035-82EF-77072584E46C}.Release|Any CPU.ActiveCfg = Release|Any CPU
		{C6877223-AD03-4035-82EF-77072584E46C}.Release|Any CPU.Build.0 = Release|Any CPU
		{C6877223-AD03-4035-82EF-77072584E46C}.Release|x64.ActiveCfg = Release|Any CPU
		{C6877223-AD03-4035-82EF-77072584E46C}.Release|x64.Build.0 = Release|Any CPU
		{C6877223-AD03-4035-82EF-77072584E46C}.Release|x86.ActiveCfg = Release|Any CPU
		{C6877223-AD03-4035-82EF-77072584E46C}.Release|x86.Build.0 = Release|Any CPU
		{B5729491-7A8F-44AC-84E9-E7A3ECA6763E}.Debug|Any CPU.ActiveCfg = Debug|Any CPU
		{B5729491-7A8F-44AC-84E9-E7A3ECA6763E}.Debug|Any CPU.Build.0 = Debug|Any CPU
		{B5729491-7A8F-44AC-84E9-E7A3ECA6763E}.Debug|x64.ActiveCfg = Debug|Any CPU
		{B5729491-7A8F-44AC-84E9-E7A3ECA6763E}.Debug|x64.Build.0 = Debug|Any CPU
		{B5729491-7A8F-44AC-84E9-E7A3ECA6763E}.Debug|x86.ActiveCfg = Debug|Any CPU
		{B5729491-7A8F-44AC-84E9-E7A3ECA6763E}.Debug|x86.Build.0 = Debug|Any CPU
		{B5729491-7A8F-44AC-84E9-E7A3ECA6763E}.Release|Any CPU.ActiveCfg = Release|Any CPU
		{B5729491-7A8F-44AC-84E9-E7A3ECA6763E}.Release|Any CPU.Build.0 = Release|Any CPU
		{B5729491-7A8F-44AC-84E9-E7A3ECA6763E}.Release|x64.ActiveCfg = Release|Any CPU
		{B5729491-7A8F-44AC-84E9-E7A3ECA6763E}.Release|x64.Build.0 = Release|Any CPU
		{B5729491-7A8F-44AC-84E9-E7A3ECA6763E}.Release|x86.ActiveCfg = Release|Any CPU
		{B5729491-7A8F-44AC-84E9-E7A3ECA6763E}.Release|x86.Build.0 = Release|Any CPU
		{30819084-E8E2-492C-A0F1-CE82F9235D8A}.Debug|Any CPU.ActiveCfg = Debug|Any CPU
		{30819084-E8E2-492C-A0F1-CE82F9235D8A}.Debug|Any CPU.Build.0 = Debug|Any CPU
		{30819084-E8E2-492C-A0F1-CE82F9235D8A}.Debug|x64.ActiveCfg = Debug|Any CPU
		{30819084-E8E2-492C-A0F1-CE82F9235D8A}.Debug|x64.Build.0 = Debug|Any CPU
		{30819084-E8E2-492C-A0F1-CE82F9235D8A}.Debug|x86.ActiveCfg = Debug|Any CPU
		{30819084-E8E2-492C-A0F1-CE82F9235D8A}.Debug|x86.Build.0 = Debug|Any CPU
		{30819084-E8E2-492C-A0F1-CE82F9235D8A}.Release|Any CPU.ActiveCfg = Release|Any CPU
		{30819084-E8E2-492C-A0F1-CE82F9235D8A}.Release|Any CPU.Build.0 = Release|Any CPU
		{30819084-E8E2-492C-A0F1-CE82F9235D8A}.Release|x64.ActiveCfg = Release|Any CPU
		{30819084-E8E2-492C-A0F1-CE82F9235D8A}.Release|x64.Build.0 = Release|Any CPU
		{30819084-E8E2-492C-A0F1-CE82F9235D8A}.Release|x86.ActiveCfg = Release|Any CPU
		{30819084-E8E2-492C-A0F1-CE82F9235D8A}.Release|x86.Build.0 = Release|Any CPU
	EndGlobalSection
	GlobalSection(SolutionProperties) = preSolution
		HideSolutionNode = FALSE
	EndGlobalSection
EndGlobal
