# This file is automatically @generated by Cargo.
# It is not intended for manual editing.
version = 4

[[package]]
name = "interface_demo"
version = "0.1.0"
dependencies = [
 "rust_blocking_queue",
 "rust_thread_pool",
]

[[package]]
name = "rust_blocking_queue"
version = "0.1.0"

[[package]]
name = "rust_thread_pool"
version = "0.1.0"
dependencies = [
 "rust_blocking_queue",
]
